# This file is autogenerated, do not edit; changes may be undone by the next 'dep ensure'.


[[projects]]
  branch = "default"
  name = "bitbucket.org/ww/goautoneg"
  packages = ["."]
  revision = "75cd24fc2f2c2a2088577d12123ddee5f54e0675"

[[projects]]
  name = "cloud.google.com/go"
  packages = ["compute/metadata"]
  revision = "eaddaf6dd7ee35fd3c2420c8d27478db176b0485"
  version = "v0.15.0"

[[projects]]
  name = "github.com/Azure/azure-sdk-for-go"
  packages = ["arm/examples/helpers","arm/network","arm/resources/resources"]
  revision = "509eea43b93cec2f3f17acbe2578ef58703923f8"
  version = "v11.1.1-beta"

[[projects]]
  name = "github.com/Azure/go-autorest"
  packages = ["autorest","autorest/adal","autorest/azure","autorest/date","autorest/to","autorest/validation"]
  revision = "e14a70c556c8e0db173358d1a903dca345a8e75e"
  version = "v9.1.0"

[[projects]]
  branch = "master"
  name = "github.com/NYTimes/gziphandler"
  packages = ["."]
  revision = "97ae7fbaf81620fe97840685304a78a306a39c64"

[[projects]]
  name = "github.com/PuerkitoBio/purell"
  packages = ["."]
  revision = "0bcb03f4b4d0a9428594752bd2a3b9aa0a9d4bd4"
  version = "v1.1.0"

[[projects]]
  branch = "master"
  name = "github.com/PuerkitoBio/urlesc"
  packages = ["."]
  revision = "de5bf2ad457846296e2031421a34e2568e304e35"

[[projects]]
  name = "github.com/asaskevich/govalidator"
  packages = ["."]
  revision = "73945b6115bfbbcc57d89b7316e28109364124e1"
  version = "v7"

[[projects]]
  name = "github.com/aws/aws-sdk-go"
  packages = ["aws","aws/awserr","aws/awsutil","aws/client","aws/client/metadata","aws/corehandlers","aws/credentials","aws/credentials/ec2rolecreds","aws/credentials/endpointcreds","aws/credentials/stscreds","aws/defaults","aws/ec2metadata","aws/endpoints","aws/request","aws/session","aws/signer/v4","internal/shareddefaults","private/protocol","private/protocol/ec2query","private/protocol/query","private/protocol/query/queryutil","private/protocol/rest","private/protocol/restxml","private/protocol/xml/xmlutil","service/autoscaling","service/ec2","service/s3","service/sts"]
  revision = "21a783c1e3d759f7f0c0a6cdbd4acd56081a5cbb"
  version = "v1.12.13"

[[projects]]
  branch = "master"
  name = "github.com/beorn7/perks"
  packages = ["quantile"]
  revision = "4c0e84591b9aa9e6dcfdf3e020114cd81f89d5f9"

[[projects]]
  name = "github.com/coreos/etcd"
  packages = ["auth/authpb","client","clientv3","etcdserver/api/v3rpc/rpctypes","etcdserver/etcdserverpb","mvcc/mvccpb","pkg/pathutil","pkg/srv","pkg/tlsutil","pkg/transport","pkg/types","version"]
  revision = "f1d7dd87da3e8feab4aaf675b8e29c6a5ed5f58b"
  version = "v3.2.9"

[[projects]]
  name = "github.com/coreos/go-semver"
  packages = ["semver"]
  revision = "8ab6407b697782a06568d4b7f1db25550ec2e4c6"
  version = "v0.2.0"

[[projects]]
  name = "github.com/coreos/go-systemd"
  packages = ["daemon"]
  revision = "d2196463941895ee908e13531a23a39feb9e1243"
  version = "v15"

[[projects]]
  name = "github.com/davecgh/go-spew"
  packages = ["spew"]
  revision = "346938d642f2ec3594ed81d874461961cd0faa76"
  version = "v1.1.0"

[[projects]]
  name = "github.com/dgrijalva/jwt-go"
  packages = ["."]
  revision = "d2709f9f1f31ebcda9651b03077758c1f3a0018c"
  version = "v3.0.0"

[[projects]]
  name = "github.com/digitalocean/godo"
  packages = [".","context"]
  revision = "77ea48de76a7b31b234d854f15d003c68bb2fb90"
  version = "v1.1.1"

[[projects]]
  branch = "master"
  name = "github.com/elazarl/go-bindata-assetfs"
  packages = ["."]
  revision = "30f82fa23fd844bd5bb1e5f216db87fd77b5eb43"

[[projects]]
  name = "github.com/emicklei/go-restful"
  packages = [".","log"]
  revision = "5741799b275a3c4a5a9623a993576d7545cf7b5c"
  version = "v2.4.0"

[[projects]]
  name = "github.com/emicklei/go-restful-swagger12"
  packages = ["."]
  revision = "dcef7f55730566d41eae5db10e7d6981829720f6"
  version = "1.0.1"

[[projects]]
  branch = "master"
  name = "github.com/evanphx/json-patch"
  packages = ["."]
  revision = "944e07253867aacae43c04b2e6a239005443f33a"

[[projects]]
  name = "github.com/fatih/color"
  packages = ["."]
  revision = "570b54cabe6b8eb0bc2dfce68d964677d63b5260"
  version = "v1.5.0"

[[projects]]
  name = "github.com/ghodss/yaml"
  packages = ["."]
  revision = "0ca9ea5df5451ffdf184b4428c902747c2c11cd7"
  version = "v1.0.0"

[[projects]]
  name = "github.com/go-ini/ini"
  packages = ["."]
  revision = "5b3e00af70a9484542169a976dcab8d03e601a17"
  version = "v1.30.0"

[[projects]]
  branch = "master"
  name = "github.com/go-openapi/analysis"
  packages = ["."]
  revision = "8ed83f2ea9f00f945516462951a288eaa68bf0d6"

[[projects]]
  branch = "master"
  name = "github.com/go-openapi/errors"
  packages = ["."]
  revision = "03cfca65330da08a5a440053faf994a3c682b5bf"

[[projects]]
  branch = "master"
  name = "github.com/go-openapi/jsonpointer"
  packages = ["."]
  revision = "779f45308c19820f1a69e9a4cd965f496e0da10f"

[[projects]]
  branch = "master"
  name = "github.com/go-openapi/jsonreference"
  packages = ["."]
  revision = "36d33bfe519efae5632669801b180bf1a245da3b"

[[projects]]
  branch = "master"
  name = "github.com/go-openapi/loads"
  packages = ["."]
  revision = "c3e1ca4c0b6160cac10aeef7e8b425cc95b9c820"

[[projects]]
  branch = "master"
  name = "github.com/go-openapi/runtime"
  packages = ["."]
  revision = "e8231e16de5bcda9839e03ae07c5c96a1fd82041"

[[projects]]
  branch = "master"
  name = "github.com/go-openapi/spec"
  packages = ["."]
  revision = "48c2a7185575f9103a5a3863eff950bb776899d2"

[[projects]]
  branch = "master"
  name = "github.com/go-openapi/strfmt"
  packages = ["."]
  revision = "610b6cacdcde6852f4de68998bd20ce1dac85b22"

[[projects]]
  branch = "master"
  name = "github.com/go-openapi/swag"
  packages = ["."]
  revision = "f3f9494671f93fcff853e3c6e9e948b3eb71e590"

[[projects]]
  branch = "master"
  name = "github.com/go-openapi/validate"
  packages = ["."]
  revision = "b6cfc35bf312e6fb320d85ed9fc3ac408dcb8694"

[[projects]]
  name = "github.com/gogo/protobuf"
  packages = ["proto","sortkeys"]
  revision = "342cbe0a04158f6dcb03ca0079991a51a4248c02"
  version = "v0.5"

[[projects]]
  branch = "master"
  name = "github.com/golang/glog"
  packages = ["."]
  revision = "23def4e6c14b4da8ac2ed8007337bc5eb5007998"

[[projects]]
  branch = "master"
  name = "github.com/golang/protobuf"
  packages = ["proto","ptypes","ptypes/any","ptypes/duration","ptypes/timestamp"]
  revision = "130e6b02ab059e7b717a096f397c5b60111cae74"

[[projects]]
  branch = "master"
  name = "github.com/google/btree"
  packages = ["."]
  revision = "316fb6d3f031ae8f4d457c6c5186b9e3ded70435"

[[projects]]
  branch = "master"
  name = "github.com/google/go-querystring"
  packages = ["query"]
  revision = "53e6ce116135b80d037921a7fdd5138cf32d7a8a"

[[projects]]
  branch = "master"
  name = "github.com/google/gofuzz"
  packages = ["."]
  revision = "24818f796faf91cd76ec7bddd72458fbced7a6c1"

[[projects]]
  name = "github.com/googleapis/gnostic"
  packages = ["OpenAPIv2","compiler","extensions"]
  revision = "ee43cbb60db7bd22502942cccbc39059117352ab"
  version = "v0.1.0"

[[projects]]
  branch = "master"
  name = "github.com/gregjones/httpcache"
  packages = [".","diskcache"]
  revision = "c1f8028e62adb3d518b823a2f8e6a95c38bdd3aa"

[[projects]]
  branch = "master"
  name = "github.com/hashicorp/golang-lru"
  packages = [".","simplelru"]
  revision = "0a025b7e63adc15a622f29b0b2c4c3848243bbf6"

[[projects]]
  branch = "master"
  name = "github.com/howeyc/gopass"
  packages = ["."]
  revision = "bf9dde6d0d2c004a008c27aaee91170c786f6db8"

[[projects]]
  name = "github.com/imdario/mergo"
  packages = ["."]
  revision = "7fe0c75c13abdee74b09fcacef5ea1c6bba6a874"
  version = "0.2.4"

[[projects]]
  name = "github.com/inconshreveable/mousetrap"
  packages = ["."]
  revision = "76626ae9c91c4f2a10f34cad8ce83ea42c93bb75"
  version = "v1.0"

[[projects]]
  name = "github.com/jmespath/go-jmespath"
  packages = ["."]
  revision = "0b12d6b5"

[[projects]]
  name = "github.com/json-iterator/go"
  packages = ["."]
  revision = "6240e1e7983a85228f7fd9c3e1b6932d46ec58e2"
  version = "1.0.3"

[[projects]]
  branch = "master"
  name = "github.com/juju/ratelimit"
  packages = ["."]
  revision = "5b9ff866471762aa2ab2dced63c9fb6f53921342"

[[projects]]
  branch = "master"
  name = "github.com/kr/fs"
  packages = ["."]
  revision = "2788f0dbd16903de03cb8186e5c7d97b69ad387b"

[[projects]]
  name = "github.com/kris-nova/klone"
  packages = ["pkg/local"]
  revision = "a9d1a9905c22559b040697cd0a22b89217d56c9a"
  version = "v1.2.0"

[[projects]]
  branch = "master"
  name = "github.com/kris-nova/kubicorn"
  packages = ["apis/cluster","cloud","cloud/amazon/awsSdkGo","cloud/amazon/public","cloud/amazon/public/resources","cloud/azure/azureSDK","cloud/azure/public","cloud/azure/public/resources","cloud/digitalocean/droplet","cloud/digitalocean/droplet/resources","cloud/digitalocean/godoSdk","cloud/google/compute","cloud/google/compute/resources","cloud/google/googleSDK","cutil","cutil/compare","cutil/defaults","cutil/hang","cutil/initapi","cutil/kubeadm","cutil/kubeconfig","cutil/local","cutil/logger","cutil/parser","cutil/rand","cutil/scp","cutil/script","cutil/signals","cutil/task","cutil/uuid","profiles"]
  revision = "731c228c19360170a724b1187f49df43a680963b"

[[projects]]
  branch = "master"
  name = "github.com/kris-nova/lolgopher"
  packages = ["."]
  revision = "14bbba5e911d8e26eda5a2254405941b2c38607d"

[[projects]]
  branch = "master"
  name = "github.com/mailru/easyjson"
  packages = ["buffer","jlexer","jwriter"]
  revision = "3fd5e860b68f3cc81671ece2e226c78a6bbf54d3"

[[projects]]
  name = "github.com/mattn/go-colorable"
  packages = ["."]
  revision = "167de6bfdfba052fa6b2d3664c8f5272e23c9072"
  version = "v0.0.9"

[[projects]]
  name = "github.com/mattn/go-isatty"
  packages = ["."]
  revision = "0360b2af4f38e8d38c7fce2a9f4e702702d73a39"
  version = "v0.0.3"

[[projects]]
  name = "github.com/matttproud/golang_protobuf_extensions"
  packages = ["pbutil"]
  revision = "3247c84500bff8d9fb6d579d800f20b3e091582c"
  version = "v1.0.0"

[[projects]]
  branch = "master"
  name = "github.com/mitchellh/mapstructure"
  packages = ["."]
  revision = "06020f85339e21b2478f756a78e295255ffa4d6a"

[[projects]]
  branch = "master"
  name = "github.com/mxk/go-flowrate"
  packages = ["flowrate"]
  revision = "cca7078d478f8520f85629ad7c68962d31ed7682"

[[projects]]
  name = "github.com/pborman/uuid"
  packages = ["."]
  revision = "e790cca94e6cc75c7064b1332e63811d4aae1a53"
  version = "v1.1"

[[projects]]
  branch = "master"
  name = "github.com/petar/GoLLRB"
  packages = ["llrb"]
  revision = "53be0d36a84c2a886ca057d34b6aa4468df9ccb4"

[[projects]]
  name = "github.com/peterbourgon/diskv"
  packages = ["."]
  revision = "5f041e8faa004a95c88a202771f4cc3e991971e6"
  version = "v2.0.1"

[[projects]]
  name = "github.com/pkg/errors"
  packages = ["."]
  revision = "645ef00459ed84a119197bfb8d8205042c6df63d"
  version = "v0.8.0"

[[projects]]
  branch = "master"
  name = "github.com/pkg/sftp"
  packages = ["."]
  revision = "7c1f7a370726a2457b33b29baefc2402b4965c65"

[[projects]]
  name = "github.com/prometheus/client_golang"
  packages = ["prometheus"]
  revision = "c5b7fccd204277076155f10851dad72b76a49317"
  version = "v0.8.0"

[[projects]]
  branch = "master"
  name = "github.com/prometheus/client_model"
  packages = ["go"]
  revision = "6f3806018612930941127f2a7c6c453ba2c527d2"

[[projects]]
  branch = "master"
  name = "github.com/prometheus/common"
  packages = ["expfmt","internal/bitbucket.org/ww/goautoneg","model"]
  revision = "1bab55dd05dbff384524a6a1c99006d9eb5f139b"

[[projects]]
  branch = "master"
  name = "github.com/prometheus/procfs"
  packages = [".","xfs"]
  revision = "a6e9df898b1336106c743392c48ee0b71f5c4efa"

[[projects]]
  branch = "master"
  name = "github.com/spf13/cobra"
  packages = ["."]
  revision = "7b2c5ac9fc04fc5efafb60700713d4fa609b777b"

[[projects]]
  name = "github.com/spf13/pflag"
  packages = ["."]
  revision = "e57e3eeb33f795204c1ca35f56c44f83227c6e66"
  version = "v1.0.0"

[[projects]]
  branch = "master"
  name = "github.com/tent/http-link-go"
  packages = ["."]
  revision = "ac974c61c2f990f4115b119354b5e0b47550e888"

[[projects]]
  branch = "master"
  name = "github.com/ugorji/go"
  packages = ["codec"]
  revision = "acb6ae458c7e13d349a39dad54bc5fa9b52de34c"

[[projects]]
  branch = "master"
  name = "golang.org/x/crypto"
  packages = ["curve25519","ed25519","ed25519/internal/edwards25519","ssh","ssh/agent","ssh/terminal"]
  revision = "ed5229da99e3a6df35c756cd64b6982d19505d86"

[[projects]]
  branch = "master"
  name = "golang.org/x/net"
  packages = ["context","context/ctxhttp","html","html/atom","http2","http2/hpack","idna","internal/timeseries","lex/httplex","trace","websocket"]
  revision = "1087133bc4af3073e18add999345c6ae75918503"

[[projects]]
  branch = "master"
  name = "golang.org/x/oauth2"
  packages = [".","google","internal","jws","jwt"]
  revision = "bb50c06baba3d0c76f9d125c0719093e315b5b44"

[[projects]]
  branch = "master"
  name = "golang.org/x/sys"
  packages = ["unix","windows"]
  revision = "8dbc5d05d6edcc104950cc299a1ce6641235bc86"

[[projects]]
  branch = "master"
  name = "golang.org/x/text"
  packages = ["collate","collate/build","internal/colltab","internal/gen","internal/tag","internal/triegen","internal/ucd","language","secure/bidirule","transform","unicode/bidi","unicode/cldr","unicode/norm","unicode/rangetable","width"]
  revision = "c01e4764d870b77f8abe5096ee19ad20d80e8075"

[[projects]]
  branch = "master"
  name = "google.golang.org/api"
  packages = ["compute/v1","gensupport","googleapi","googleapi/internal/uritemplates"]
  revision = "15b905a38723467e1c9cea66cc58ab8ee5ddbfd8"

[[projects]]
  name = "google.golang.org/appengine"
  packages = [".","internal","internal/app_identity","internal/base","internal/datastore","internal/log","internal/modules","internal/remote_api","internal/urlfetch","urlfetch"]
  revision = "150dc57a1b433e64154302bdc40b6bb8aefa313a"
  version = "v1.0.0"

[[projects]]
  branch = "master"
  name = "google.golang.org/genproto"
  packages = ["googleapis/rpc/status"]
  revision = "f676e0f3ac6395ff1a529ae59a6670878a8371a6"

[[projects]]
  name = "google.golang.org/grpc"
  packages = [".","balancer","codes","connectivity","credentials","grpclb/grpc_lb_v1/messages","grpclog","internal","keepalive","metadata","naming","peer","resolver","stats","status","tap","transport"]
  revision = "f7bf885db0b7479a537ec317c6e48ce53145f3db"
  version = "v1.7.0"

[[projects]]
  name = "gopkg.in/inf.v0"
  packages = ["."]
  revision = "3887ee99ecf07df5b447e9b00d9c0b2adaa9f3e4"
  version = "v0.9.0"

[[projects]]
  branch = "v2"
  name = "gopkg.in/mgo.v2"
  packages = ["bson","internal/json"]
  revision = "3f83fa5005286a7fe593b055f0d7771a7dce4655"

[[projects]]
  name = "gopkg.in/natefinch/lumberjack.v2"
  packages = ["."]
  revision = "a96e63847dc3c67d17befa69c303767e2f84e54f"
  version = "v2.1"

[[projects]]
  branch = "v2"
  name = "gopkg.in/yaml.v2"
  packages = ["."]
  revision = "eb3733d160e74a9c7e442f435eb3bea458e1d19f"

[[projects]]
  branch = "master"
  name = "k8s.io/api"
  packages = ["admissionregistration/v1alpha1","apps/v1beta1","apps/v1beta2","authentication/v1","authentication/v1beta1","authorization/v1","authorization/v1beta1","autoscaling/v1","autoscaling/v2beta1","batch/v1","batch/v1beta1","batch/v2alpha1","certificates/v1beta1","core/v1","extensions/v1beta1","networking/v1","policy/v1beta1","rbac/v1","rbac/v1alpha1","rbac/v1beta1","scheduling/v1alpha1","settings/v1alpha1","storage/v1","storage/v1beta1"]
  revision = "409c3b2393cd3359f275bd8b883b4d9c5aec41f6"

[[projects]]
  branch = "master"
  name = "k8s.io/apiextensions-apiserver"
  packages = [".","pkg/apis/apiextensions","pkg/apis/apiextensions/install","pkg/apis/apiextensions/v1beta1","pkg/apis/apiextensions/validation","pkg/apiserver","pkg/apiserver/validation","pkg/client/clientset/clientset","pkg/client/clientset/clientset/scheme","pkg/client/clientset/clientset/typed/apiextensions/v1beta1","pkg/client/clientset/internalclientset","pkg/client/clientset/internalclientset/scheme","pkg/client/clientset/internalclientset/typed/apiextensions/internalversion","pkg/client/informers/externalversions","pkg/client/informers/externalversions/apiextensions","pkg/client/informers/externalversions/apiextensions/v1beta1","pkg/client/informers/externalversions/internalinterfaces","pkg/client/informers/internalversion","pkg/client/informers/internalversion/apiextensions","pkg/client/informers/internalversion/apiextensions/internalversion","pkg/client/informers/internalversion/internalinterfaces","pkg/client/listers/apiextensions/internalversion","pkg/client/listers/apiextensions/v1beta1","pkg/cmd/server","pkg/controller/finalizer","pkg/controller/status","pkg/features","pkg/registry/customresource","pkg/registry/customresourcedefinition"]
  revision = "83f1a7e2b8384c17fb102b6616e08825ad12992d"

[[projects]]
  branch = "master"
  name = "k8s.io/apimachinery"
  packages = ["pkg/api/equality","pkg/api/errors","pkg/api/meta","pkg/api/resource","pkg/api/validation","pkg/api/validation/path","pkg/apimachinery","pkg/apimachinery/announced","pkg/apimachinery/registered","pkg/apis/meta/internalversion","pkg/apis/meta/v1","pkg/apis/meta/v1/unstructured","pkg/apis/meta/v1/validation","pkg/apis/meta/v1alpha1","pkg/conversion","pkg/conversion/queryparams","pkg/conversion/unstructured","pkg/fields","pkg/labels","pkg/runtime","pkg/runtime/schema","pkg/runtime/serializer","pkg/runtime/serializer/json","pkg/runtime/serializer/protobuf","pkg/runtime/serializer/recognizer","pkg/runtime/serializer/streaming","pkg/runtime/serializer/versioning","pkg/selection","pkg/types","pkg/util/cache","pkg/util/clock","pkg/util/diff","pkg/util/errors","pkg/util/framer","pkg/util/httpstream","pkg/util/intstr","pkg/util/json","pkg/util/mergepatch","pkg/util/net","pkg/util/proxy","pkg/util/rand","pkg/util/runtime","pkg/util/sets","pkg/util/strategicpatch","pkg/util/uuid","pkg/util/validation","pkg/util/validation/field","pkg/util/wait","pkg/util/yaml","pkg/version","pkg/watch","third_party/forked/golang/json","third_party/forked/golang/netutil","third_party/forked/golang/reflect"]
  revision = "e9a29eff7d472df0f7da9ead5ab59b74e74a07ec"

[[projects]]
  branch = "master"
  name = "k8s.io/apiserver"
  packages = ["pkg/admission","pkg/admission/configuration","pkg/admission/initializer","pkg/admission/plugin/initialization","pkg/admission/plugin/namespace/lifecycle","pkg/apis/apiserver","pkg/apis/apiserver/install","pkg/apis/apiserver/v1alpha1","pkg/apis/audit","pkg/apis/audit/install","pkg/apis/audit/v1alpha1","pkg/apis/audit/v1beta1","pkg/apis/audit/validation","pkg/audit","pkg/audit/policy","pkg/authentication/authenticator","pkg/authentication/authenticatorfactory","pkg/authentication/group","pkg/authentication/request/anonymous","pkg/authentication/request/bearertoken","pkg/authentication/request/headerrequest","pkg/authentication/request/union","pkg/authentication/request/websocket","pkg/authentication/request/x509","pkg/authentication/serviceaccount","pkg/authentication/token/tokenfile","pkg/authentication/user","pkg/authorization/authorizer","pkg/authorization/authorizerfactory","pkg/authorization/union","pkg/endpoints","pkg/endpoints/discovery","pkg/endpoints/filters","pkg/endpoints/handlers","pkg/endpoints/handlers/negotiation","pkg/endpoints/handlers/responsewriters","pkg/endpoints/metrics","pkg/endpoints/openapi","pkg/endpoints/request","pkg/features","pkg/registry/generic","pkg/registry/generic/registry","pkg/registry/rest","pkg/server","pkg/server/filters","pkg/server/healthz","pkg/server/httplog","pkg/server/mux","pkg/server/options","pkg/server/routes","pkg/server/routes/data/swagger","pkg/server/storage","pkg/storage","pkg/storage/errors","pkg/storage/etcd","pkg/storage/etcd/metrics","pkg/storage/etcd/util","pkg/storage/etcd3","pkg/storage/etcd3/preflight","pkg/storage/names","pkg/storage/storagebackend","pkg/storage/storagebackend/factory","pkg/storage/value","pkg/util/feature","pkg/util/flag","pkg/util/flushwriter","pkg/util/logs","pkg/util/trace","pkg/util/webhook","pkg/util/wsstream","plugin/pkg/audit/log","plugin/pkg/audit/webhook","plugin/pkg/authenticator/token/webhook","plugin/pkg/authorizer/webhook"]
  revision = "d299c880c4e33854f8c45bdd7ab599fb54cbe575"

[[projects]]
  name = "k8s.io/client-go"
  packages = ["discovery","informers","informers/admissionregistration","informers/admissionregistration/v1alpha1","informers/apps","informers/apps/v1beta1","informers/apps/v1beta2","informers/autoscaling","informers/autoscaling/v1","informers/autoscaling/v2beta1","informers/batch","informers/batch/v1","informers/batch/v1beta1","informers/batch/v2alpha1","informers/certificates","informers/certificates/v1beta1","informers/core","informers/core/v1","informers/extensions","informers/extensions/v1beta1","informers/internalinterfaces","informers/networking","informers/networking/v1","informers/policy","informers/policy/v1beta1","informers/rbac","informers/rbac/v1","informers/rbac/v1alpha1","informers/rbac/v1beta1","informers/scheduling","informers/scheduling/v1alpha1","informers/settings","informers/settings/v1alpha1","informers/storage","informers/storage/v1","informers/storage/v1beta1","kubernetes","kubernetes/scheme","kubernetes/typed/admissionregistration/v1alpha1","kubernetes/typed/apps/v1beta1","kubernetes/typed/apps/v1beta2","kubernetes/typed/authentication/v1","kubernetes/typed/authentication/v1beta1","kubernetes/typed/authorization/v1","kubernetes/typed/authorization/v1beta1","kubernetes/typed/autoscaling/v1","kubernetes/typed/autoscaling/v2beta1","kubernetes/typed/batch/v1","kubernetes/typed/batch/v1beta1","kubernetes/typed/batch/v2alpha1","kubernetes/typed/certificates/v1beta1","kubernetes/typed/core/v1","kubernetes/typed/extensions/v1beta1","kubernetes/typed/networking/v1","kubernetes/typed/policy/v1beta1","kubernetes/typed/rbac/v1","kubernetes/typed/rbac/v1alpha1","kubernetes/typed/rbac/v1beta1","kubernetes/typed/scheduling/v1alpha1","kubernetes/typed/settings/v1alpha1","kubernetes/typed/storage/v1","kubernetes/typed/storage/v1beta1","listers/admissionregistration/v1alpha1","listers/apps/v1beta1","listers/apps/v1beta2","listers/autoscaling/v1","listers/autoscaling/v2beta1","listers/batch/v1","listers/batch/v1beta1","listers/batch/v2alpha1","listers/certificates/v1beta1","listers/core/v1","listers/extensions/v1beta1","listers/networking/v1","listers/policy/v1beta1","listers/rbac/v1","listers/rbac/v1alpha1","listers/rbac/v1beta1","listers/scheduling/v1alpha1","listers/settings/v1alpha1","listers/storage/v1","listers/storage/v1beta1","pkg/version","rest","rest/watch","tools/auth","tools/cache","tools/clientcmd","tools/clientcmd/api","tools/clientcmd/api/latest","tools/clientcmd/api/v1","tools/metrics","tools/pager","tools/reference","transport","util/cert","util/flowcontrol","util/homedir","util/integer","util/workqueue"]
  revision = "35874c597fed17ca62cd197e516d7d5ff9a2958c"
  version = "v5.0.0"

[[projects]]
  branch = "master"
  name = "k8s.io/kube-openapi"
  packages = ["pkg/builder","pkg/common","pkg/handler","pkg/util"]
  revision = "89ae48fe8691077463af5b7fb3b6f194632c5946"

[[projects]]
  name = "k8s.io/kubernetes"
  packages = ["pkg/api"]
  revision = "bdaeafa71f6c7c04636251031f93464384d54963"
  version = "v1.8.2"

[solve-meta]
  analyzer-name = "dep"
  analyzer-version = 1
  inputs-digest = "e5e379d89111ee83218b87ebcd430a2fe3b15fcb1c4e0d5b0271be16dd0ff9f5"
  solver-name = "gps-cdcl"
  solver-version = 1
